
Microsoft Visual Studio Solution File, Format Version 12.00
# Visual Studio 15
VisualStudioVersion = 15.0.27130.2003
MinimumVisualStudioVersion = 10.0.40219.1
Project("{FAE04EC0-301F-11D3-BF4B-00C04F79EFBC}") = "test4", "test4\test4.csproj", "{F3361E54-04A7-46FA-B86C-DBA3E8E4B04A}"
EndProject
Global
	GlobalSection(SolutionConfigurationPlatforms) = preSolution
		Debug|Any CPU = Debug|Any CPU
		Release|Any CPU = Release|Any CPU
	EndGlobalSection
	GlobalSection(ProjectConfigurationPlatforms) = postSolution
		{F3361E54-04A7-46FA-B86C-DBA3E8E4B04A}.Debug|Any CPU.ActiveCfg = Debug|Any CPU
		{F3361E54-04A7-46FA-B86C-DBA3E8E4B04A}.Debug|Any CPU.Build.0 = Debug|Any CPU
		{F3361E54-04A7-46FA-B86C-DBA3E8E4B04A}.Release|Any CPU.ActiveCfg = Release|Any CPU
		{F3361E54-04A7-46FA-B86C-DBA3E8E4B04A}.Release|Any CPU.Build.0 = Release|Any CPU
	EndGlobalSection
	GlobalSection(SolutionProperties) = preSolution
		HideSolutionNode = FALSE
	EndGlobalSection
	GlobalSection(ExtensibilityGlobals) = postSolution
		SolutionGuid = {206F3E0E-FDCD-447B-B382-2CBF1DBB0144}
	EndGlobalSection
EndGlobal
